
Microsoft Visual Studio Solution File, Format Version 12.00
# Visual Studio Version 16
VisualStudioVersion = 16.0.28606.126
MinimumVisualStudioVersion = 10.0.40219.1
Project("{2150E333-8FDC-42A3-9474-1A3956D46DE8}") = "Core", "Core", "{57DAE9B0-48CE-42D0-9911-A7E276C66700}"
	ProjectSection(SolutionItems) = preProject
		Core\Directory.Build.props = Core\Directory.Build.props
	EndProjectSection
EndProject
Project("{9A19103F-16F7-4668-BE54-9A1E7A4F7556}") = "Iql", "Core\Iql\Iql.csproj", "{374E115B-9FFA-4334-83FA-598D9DF9C332}"
EndProject
Project("{9A19103F-16F7-4668-BE54-9A1E7A4F7556}") = "Iql.Queryable", "Core\Iql.Queryable\Iql.Queryable.csproj", "{D1C18694-4013-43D1-B8BE-E344E878117C}"
EndProject
Project("{9A19103F-16F7-4668-BE54-9A1E7A4F7556}") = "Iql.Parsing", "Core\Iql.Parsing\Iql.Parsing.csproj", "{7E2499EF-37E1-4C41-9867-1E7D2148FB5F}"
EndProject
Project("{9A19103F-16F7-4668-BE54-9A1E7A4F7556}") = "Iql.DotNet", "Core\Iql.DotNet\Iql.DotNet.csproj", "{D64347B9-11A4-4CA9-BE7C-91486AB60D42}"
EndProject
Project("{9A19103F-16F7-4668-BE54-9A1E7A4F7556}") = "Iql.JavaScript", "Core\Iql.JavaScript\Iql.JavaScript.csproj", "{888D1A5F-298B-47B6-8D7A-97C006C2777B}"
EndProject
Project("{9A19103F-16F7-4668-BE54-9A1E7A4F7556}") = "Iql.OData", "Core\Iql.OData\Iql.OData.csproj", "{66B90A05-3A92-4551-9783-25E34A26FCBC}"
EndProject
Project("{2150E333-8FDC-42A3-9474-1A3956D46DE8}") = "Build", "Build", "{57370382-5576-42C7-906B-FA209DF7417B}"
	ProjectSection(SolutionItems) = preProject
		Build\Build.props = Build\Build.props
		..\version.xml = ..\version.xml
	EndProjectSection
EndProject
Project("{2150E333-8FDC-42A3-9474-1A3956D46DE8}") = "Tests", "Tests", "{3F3011DB-CF19-4FB7-8269-95D5D08878EB}"
EndProject
Project("{9A19103F-16F7-4668-BE54-9A1E7A4F7556}") = "EntityFramework.ReferenceApp.ConsoleApp", "Apps\EntityFramework.ReferenceApp.ConsoleApp\EntityFramework.ReferenceApp.ConsoleApp.csproj", "{88DAE930-80C8-4474-A631-896C750403D9}"
EndProject
Project("{9A19103F-16F7-4668-BE54-9A1E7A4F7556}") = "Iql.Tests", "Tests\Iql.Tests\Iql.Tests.csproj", "{EB12ADB5-C075-41B0-B9D7-BAC106CEB7EB}"
EndProject
Project("{9A19103F-16F7-4668-BE54-9A1E7A4F7556}") = "Iql.Tests.Data", "Tests\Iql.Tests.Data\Iql.Tests.Data.csproj", "{6A7B51DF-5CD4-4F46-B673-F9AC1C8BAB16}"
EndProject
Project("{9A19103F-16F7-4668-BE54-9A1E7A4F7556}") = "Iql.Data", "Core\Iql.Data\Iql.Data.csproj", "{05C5859A-E58C-41AE-B194-CB36BEB71A73}"
EndProject
Project("{9A19103F-16F7-4668-BE54-9A1E7A4F7556}") = "Iql.Entities", "Core\Iql.Entities\Iql.Entities.csproj", "{57B047A0-8076-4120-8D3F-3860E8DA6081}"
EndProject
Project("{9A19103F-16F7-4668-BE54-9A1E7A4F7556}") = "Iql.Conversion", "Core\Iql.Conversion\Iql.Conversion.csproj", "{8E83E48E-7B4A-4B4C-99D3-CE696FF464BA}"
EndProject
Project("{9A19103F-16F7-4668-BE54-9A1E7A4F7556}") = "Iql.CloneMethodGenerator.ConsoleApp", "Tools\Iql.CloneMethodGenerator.ConsoleApp\Iql.CloneMethodGenerator.ConsoleApp.csproj", "{D900FC63-7CC8-4393-9751-7F1797BCC24E}"
EndProject
Project("{2150E333-8FDC-42A3-9474-1A3956D46DE8}") = "Server", "Server", "{1F66D0C4-9146-4ACB-9CBA-4E3390A5B02F}"
EndProject
Project("{9A19103F-16F7-4668-BE54-9A1E7A4F7556}") = "Iql.Server.OData.Net", "Extensions\Iql.Server.OData.Net\Iql.Server.OData.Net.csproj", "{F30063B2-FE3F-4F52-B911-E296B94D9B1E}"
EndProject
Project("{9A19103F-16F7-4668-BE54-9A1E7A4F7556}") = "Iql.Server.ConsoleApp", "Extensions\Iql.Server.ConsoleApp\Iql.Server.ConsoleApp.csproj", "{A56F14B7-6111-4340-8BA5-F14AC229C723}"
EndProject
Project("{9A19103F-16F7-4668-BE54-9A1E7A4F7556}") = "Iql.Server", "Extensions\Iql.Server\Iql.Server.csproj", "{4DA304EA-1C83-4AAA-AD22-5C558684453E}"
EndProject
Project("{9A19103F-16F7-4668-BE54-9A1E7A4F7556}") = "Iql.Client.ContextGenerator", "Extensions\Iql.Client.ContextGenerator\Iql.Client.ContextGenerator.csproj", "{BC572AD6-D85B-4AA1-BA42-26309C02B8B2}"
EndProject
Project("{9A19103F-16F7-4668-BE54-9A1E7A4F7556}") = "Iql.Client.ContextGenerator.ConsoleApp", "Apps\Iql.Client.ContextGenerator.ConsoleApp\Iql.Client.ContextGenerator.ConsoleApp.csproj", "{E41517A2-B925-4AC4-8652-E31CF3D52532}"
EndProject
Project("{2150E333-8FDC-42A3-9474-1A3956D46DE8}") = "Apps", "Apps", "{7B747451-DBBA-4A11-BA7C-7EEE49CAFA7E}"
EndProject
Project("{9A19103F-16F7-4668-BE54-9A1E7A4F7556}") = "Iql.Server.Azure", "Extensions\Iql.Server.Azure\Iql.Server.Azure.csproj", "{3358BC60-C11F-4137-A3E4-68668AFCA6D3}"
EndProject
Project("{2150E333-8FDC-42A3-9474-1A3956D46DE8}") = "SampleApp", "SampleApp", "{88E8F332-46AB-4BFA-A91D-EDAA6C3E67E0}"
EndProject
Project("{9A19103F-16F7-4668-BE54-9A1E7A4F7556}") = "IqlSampleApp", "Apps\IqlSampleApp\IqlSampleApp\IqlSampleApp.csproj", "{20BD7F1E-C088-4AAD-8540-764B42FEF16F}"
EndProject
Project("{9A19103F-16F7-4668-BE54-9A1E7A4F7556}") = "IqlSampleApp.Data", "Apps\IqlSampleApp\IqlSampleApp.Data\IqlSampleApp.Data.csproj", "{80BC95AA-9C19-4EC2-B4C2-0DC02A3A8489}"
EndProject
Project("{9A19103F-16F7-4668-BE54-9A1E7A4F7556}") = "IqlSampleApp.Migrations", "Apps\IqlSampleApp\IqlSampleApp.Migrations\IqlSampleApp.Migrations.csproj", "{9905D0A5-0E4C-4116-BE18-3E510AC0DE87}"
EndProject
Project("{9A19103F-16F7-4668-BE54-9A1E7A4F7556}") = "Iql.ExpressionMethodGenerator.ConsoleApp", "Apps\Iql.ExpressionMethodGenerator.ConsoleApp\Iql.ExpressionMethodGenerator.ConsoleApp.csproj", "{A1A54ACF-679A-4F60-9ED1-AD0EEFCE8F84}"
EndProject
Project("{2150E333-8FDC-42A3-9474-1A3956D46DE8}") = "ContextGenerator", "ContextGenerator", "{58C1D345-A5D4-498E-B2E7-C8293685858C}"
EndProject
Global
	GlobalSection(SolutionConfigurationPlatforms) = preSolution
		Debug - Live|Any CPU = Debug - Live|Any CPU
		Debug|Any CPU = Debug|Any CPU
		Release|Any CPU = Release|Any CPU
		TypeScript Debug|Any CPU = TypeScript Debug|Any CPU
	EndGlobalSection
	GlobalSection(ProjectConfigurationPlatforms) = postSolution
		{374E115B-9FFA-4334-83FA-598D9DF9C332}.Debug - Live|Any CPU.ActiveCfg = Debug|Any CPU
		{374E115B-9FFA-4334-83FA-598D9DF9C332}.Debug - Live|Any CPU.Build.0 = Debug|Any CPU
		{374E115B-9FFA-4334-83FA-598D9DF9C332}.Debug|Any CPU.ActiveCfg = Debug|Any CPU
		{374E115B-9FFA-4334-83FA-598D9DF9C332}.Debug|Any CPU.Build.0 = Debug|Any CPU
		{374E115B-9FFA-4334-83FA-598D9DF9C332}.Release|Any CPU.ActiveCfg = Release|Any CPU
		{374E115B-9FFA-4334-83FA-598D9DF9C332}.Release|Any CPU.Build.0 = Release|Any CPU
		{374E115B-9FFA-4334-83FA-598D9DF9C332}.TypeScript Debug|Any CPU.ActiveCfg = TypeScript Debug|Any CPU
		{374E115B-9FFA-4334-83FA-598D9DF9C332}.TypeScript Debug|Any CPU.Build.0 = TypeScript Debug|Any CPU
		{D1C18694-4013-43D1-B8BE-E344E878117C}.Debug - Live|Any CPU.ActiveCfg = Debug|Any CPU
		{D1C18694-4013-43D1-B8BE-E344E878117C}.Debug - Live|Any CPU.Build.0 = Debug|Any CPU
		{D1C18694-4013-43D1-B8BE-E344E878117C}.Debug|Any CPU.ActiveCfg = Debug|Any CPU
		{D1C18694-4013-43D1-B8BE-E344E878117C}.Debug|Any CPU.Build.0 = Debug|Any CPU
		{D1C18694-4013-43D1-B8BE-E344E878117C}.Release|Any CPU.ActiveCfg = Release|Any CPU
		{D1C18694-4013-43D1-B8BE-E344E878117C}.Release|Any CPU.Build.0 = Release|Any CPU
		{D1C18694-4013-43D1-B8BE-E344E878117C}.TypeScript Debug|Any CPU.ActiveCfg = TypeScript Debug|Any CPU
		{D1C18694-4013-43D1-B8BE-E344E878117C}.TypeScript Debug|Any CPU.Build.0 = TypeScript Debug|Any CPU
		{7E2499EF-37E1-4C41-9867-1E7D2148FB5F}.Debug - Live|Any CPU.ActiveCfg = Debug|Any CPU
		{7E2499EF-37E1-4C41-9867-1E7D2148FB5F}.Debug - Live|Any CPU.Build.0 = Debug|Any CPU
		{7E2499EF-37E1-4C41-9867-1E7D2148FB5F}.Debug|Any CPU.ActiveCfg = Debug|Any CPU
		{7E2499EF-37E1-4C41-9867-1E7D2148FB5F}.Debug|Any CPU.Build.0 = Debug|Any CPU
		{7E2499EF-37E1-4C41-9867-1E7D2148FB5F}.Release|Any CPU.ActiveCfg = Release|Any CPU
		{7E2499EF-37E1-4C41-9867-1E7D2148FB5F}.Release|Any CPU.Build.0 = Release|Any CPU
		{7E2499EF-37E1-4C41-9867-1E7D2148FB5F}.TypeScript Debug|Any CPU.ActiveCfg = TypeScript Debug|Any CPU
		{7E2499EF-37E1-4C41-9867-1E7D2148FB5F}.TypeScript Debug|Any CPU.Build.0 = TypeScript Debug|Any CPU
		{D64347B9-11A4-4CA9-BE7C-91486AB60D42}.Debug - Live|Any CPU.ActiveCfg = Debug|Any CPU
		{D64347B9-11A4-4CA9-BE7C-91486AB60D42}.Debug - Live|Any CPU.Build.0 = Debug|Any CPU
		{D64347B9-11A4-4CA9-BE7C-91486AB60D42}.Debug|Any CPU.ActiveCfg = Debug|Any CPU
		{D64347B9-11A4-4CA9-BE7C-91486AB60D42}.Debug|Any CPU.Build.0 = Debug|Any CPU
		{D64347B9-11A4-4CA9-BE7C-91486AB60D42}.Release|Any CPU.ActiveCfg = Release|Any CPU
		{D64347B9-11A4-4CA9-BE7C-91486AB60D42}.Release|Any CPU.Build.0 = Release|Any CPU
		{D64347B9-11A4-4CA9-BE7C-91486AB60D42}.TypeScript Debug|Any CPU.ActiveCfg = TypeScript Debug|Any CPU
		{D64347B9-11A4-4CA9-BE7C-91486AB60D42}.TypeScript Debug|Any CPU.Build.0 = TypeScript Debug|Any CPU
		{888D1A5F-298B-47B6-8D7A-97C006C2777B}.Debug - Live|Any CPU.ActiveCfg = Debug|Any CPU
		{888D1A5F-298B-47B6-8D7A-97C006C2777B}.Debug - Live|Any CPU.Build.0 = Debug|Any CPU
		{888D1A5F-298B-47B6-8D7A-97C006C2777B}.Debug|Any CPU.ActiveCfg = Debug|Any CPU
		{888D1A5F-298B-47B6-8D7A-97C006C2777B}.Debug|Any CPU.Build.0 = Debug|Any CPU
		{888D1A5F-298B-47B6-8D7A-97C006C2777B}.Release|Any CPU.ActiveCfg = Release|Any CPU
		{888D1A5F-298B-47B6-8D7A-97C006C2777B}.Release|Any CPU.Build.0 = Release|Any CPU
		{888D1A5F-298B-47B6-8D7A-97C006C2777B}.TypeScript Debug|Any CPU.ActiveCfg = TypeScript Debug|Any CPU
		{888D1A5F-298B-47B6-8D7A-97C006C2777B}.TypeScript Debug|Any CPU.Build.0 = TypeScript Debug|Any CPU
		{66B90A05-3A92-4551-9783-25E34A26FCBC}.Debug - Live|Any CPU.ActiveCfg = Debug|Any CPU
		{66B90A05-3A92-4551-9783-25E34A26FCBC}.Debug - Live|Any CPU.Build.0 = Debug|Any CPU
		{66B90A05-3A92-4551-9783-25E34A26FCBC}.Debug|Any CPU.ActiveCfg = Debug|Any CPU
		{66B90A05-3A92-4551-9783-25E34A26FCBC}.Debug|Any CPU.Build.0 = Debug|Any CPU
		{66B90A05-3A92-4551-9783-25E34A26FCBC}.Release|Any CPU.ActiveCfg = Release|Any CPU
		{66B90A05-3A92-4551-9783-25E34A26FCBC}.Release|Any CPU.Build.0 = Release|Any CPU
		{66B90A05-3A92-4551-9783-25E34A26FCBC}.TypeScript Debug|Any CPU.ActiveCfg = TypeScript Debug|Any CPU
		{66B90A05-3A92-4551-9783-25E34A26FCBC}.TypeScript Debug|Any CPU.Build.0 = TypeScript Debug|Any CPU
		{88DAE930-80C8-4474-A631-896C750403D9}.Debug - Live|Any CPU.ActiveCfg = Debug|Any CPU
		{88DAE930-80C8-4474-A631-896C750403D9}.Debug - Live|Any CPU.Build.0 = Debug|Any CPU
		{88DAE930-80C8-4474-A631-896C750403D9}.Debug|Any CPU.ActiveCfg = Debug|Any CPU
		{88DAE930-80C8-4474-A631-896C750403D9}.Debug|Any CPU.Build.0 = Debug|Any CPU
		{88DAE930-80C8-4474-A631-896C750403D9}.Release|Any CPU.ActiveCfg = Release|Any CPU
		{88DAE930-80C8-4474-A631-896C750403D9}.Release|Any CPU.Build.0 = Release|Any CPU
		{88DAE930-80C8-4474-A631-896C750403D9}.TypeScript Debug|Any CPU.ActiveCfg = TypeScript Debug|Any CPU
		{88DAE930-80C8-4474-A631-896C750403D9}.TypeScript Debug|Any CPU.Build.0 = TypeScript Debug|Any CPU
		{EB12ADB5-C075-41B0-B9D7-BAC106CEB7EB}.Debug - Live|Any CPU.ActiveCfg = Debug|Any CPU
		{EB12ADB5-C075-41B0-B9D7-BAC106CEB7EB}.Debug - Live|Any CPU.Build.0 = Debug|Any CPU
		{EB12ADB5-C075-41B0-B9D7-BAC106CEB7EB}.Debug|Any CPU.ActiveCfg = Debug|Any CPU
		{EB12ADB5-C075-41B0-B9D7-BAC106CEB7EB}.Debug|Any CPU.Build.0 = Debug|Any CPU
		{EB12ADB5-C075-41B0-B9D7-BAC106CEB7EB}.Release|Any CPU.ActiveCfg = Release|Any CPU
		{EB12ADB5-C075-41B0-B9D7-BAC106CEB7EB}.Release|Any CPU.Build.0 = Release|Any CPU
		{EB12ADB5-C075-41B0-B9D7-BAC106CEB7EB}.TypeScript Debug|Any CPU.ActiveCfg = TypeScript Debug|Any CPU
		{EB12ADB5-C075-41B0-B9D7-BAC106CEB7EB}.TypeScript Debug|Any CPU.Build.0 = TypeScript Debug|Any CPU
		{6A7B51DF-5CD4-4F46-B673-F9AC1C8BAB16}.Debug - Live|Any CPU.ActiveCfg = Debug|Any CPU
		{6A7B51DF-5CD4-4F46-B673-F9AC1C8BAB16}.Debug - Live|Any CPU.Build.0 = Debug|Any CPU
		{6A7B51DF-5CD4-4F46-B673-F9AC1C8BAB16}.Debug|Any CPU.ActiveCfg = Debug|Any CPU
		{6A7B51DF-5CD4-4F46-B673-F9AC1C8BAB16}.Debug|Any CPU.Build.0 = Debug|Any CPU
		{6A7B51DF-5CD4-4F46-B673-F9AC1C8BAB16}.Release|Any CPU.ActiveCfg = Release|Any CPU
		{6A7B51DF-5CD4-4F46-B673-F9AC1C8BAB16}.Release|Any CPU.Build.0 = Release|Any CPU
		{6A7B51DF-5CD4-4F46-B673-F9AC1C8BAB16}.TypeScript Debug|Any CPU.ActiveCfg = TypeScript Debug|Any CPU
		{6A7B51DF-5CD4-4F46-B673-F9AC1C8BAB16}.TypeScript Debug|Any CPU.Build.0 = TypeScript Debug|Any CPU
		{05C5859A-E58C-41AE-B194-CB36BEB71A73}.Debug - Live|Any CPU.ActiveCfg = Debug|Any CPU
		{05C5859A-E58C-41AE-B194-CB36BEB71A73}.Debug - Live|Any CPU.Build.0 = Debug|Any CPU
		{05C5859A-E58C-41AE-B194-CB36BEB71A73}.Debug|Any CPU.ActiveCfg = Debug|Any CPU
		{05C5859A-E58C-41AE-B194-CB36BEB71A73}.Debug|Any CPU.Build.0 = Debug|Any CPU
		{05C5859A-E58C-41AE-B194-CB36BEB71A73}.Release|Any CPU.ActiveCfg = Release|Any CPU
		{05C5859A-E58C-41AE-B194-CB36BEB71A73}.Release|Any CPU.Build.0 = Release|Any CPU
		{05C5859A-E58C-41AE-B194-CB36BEB71A73}.TypeScript Debug|Any CPU.ActiveCfg = TypeScript Debug|Any CPU
		{05C5859A-E58C-41AE-B194-CB36BEB71A73}.TypeScript Debug|Any CPU.Build.0 = TypeScript Debug|Any CPU
		{57B047A0-8076-4120-8D3F-3860E8DA6081}.Debug - Live|Any CPU.ActiveCfg = Debug|Any CPU
		{57B047A0-8076-4120-8D3F-3860E8DA6081}.Debug - Live|Any CPU.Build.0 = Debug|Any CPU
		{57B047A0-8076-4120-8D3F-3860E8DA6081}.Debug|Any CPU.ActiveCfg = Debug|Any CPU
		{57B047A0-8076-4120-8D3F-3860E8DA6081}.Debug|Any CPU.Build.0 = Debug|Any CPU
		{57B047A0-8076-4120-8D3F-3860E8DA6081}.Release|Any CPU.ActiveCfg = Release|Any CPU
		{57B047A0-8076-4120-8D3F-3860E8DA6081}.Release|Any CPU.Build.0 = Release|Any CPU
		{57B047A0-8076-4120-8D3F-3860E8DA6081}.TypeScript Debug|Any CPU.ActiveCfg = TypeScript Debug|Any CPU
		{57B047A0-8076-4120-8D3F-3860E8DA6081}.TypeScript Debug|Any CPU.Build.0 = TypeScript Debug|Any CPU
		{8E83E48E-7B4A-4B4C-99D3-CE696FF464BA}.Debug - Live|Any CPU.ActiveCfg = Debug|Any CPU
		{8E83E48E-7B4A-4B4C-99D3-CE696FF464BA}.Debug - Live|Any CPU.Build.0 = Debug|Any CPU
		{8E83E48E-7B4A-4B4C-99D3-CE696FF464BA}.Debug|Any CPU.ActiveCfg = Debug|Any CPU
		{8E83E48E-7B4A-4B4C-99D3-CE696FF464BA}.Debug|Any CPU.Build.0 = Debug|Any CPU
		{8E83E48E-7B4A-4B4C-99D3-CE696FF464BA}.Release|Any CPU.ActiveCfg = Release|Any CPU
		{8E83E48E-7B4A-4B4C-99D3-CE696FF464BA}.Release|Any CPU.Build.0 = Release|Any CPU
		{8E83E48E-7B4A-4B4C-99D3-CE696FF464BA}.TypeScript Debug|Any CPU.ActiveCfg = TypeScript Debug|Any CPU
		{8E83E48E-7B4A-4B4C-99D3-CE696FF464BA}.TypeScript Debug|Any CPU.Build.0 = TypeScript Debug|Any CPU
		{D900FC63-7CC8-4393-9751-7F1797BCC24E}.Debug - Live|Any CPU.ActiveCfg = Debug|Any CPU
		{D900FC63-7CC8-4393-9751-7F1797BCC24E}.Debug - Live|Any CPU.Build.0 = Debug|Any CPU
		{D900FC63-7CC8-4393-9751-7F1797BCC24E}.Debug|Any CPU.ActiveCfg = Debug|Any CPU
		{D900FC63-7CC8-4393-9751-7F1797BCC24E}.Debug|Any CPU.Build.0 = Debug|Any CPU
		{D900FC63-7CC8-4393-9751-7F1797BCC24E}.Release|Any CPU.ActiveCfg = Release|Any CPU
		{D900FC63-7CC8-4393-9751-7F1797BCC24E}.Release|Any CPU.Build.0 = Release|Any CPU
		{D900FC63-7CC8-4393-9751-7F1797BCC24E}.TypeScript Debug|Any CPU.ActiveCfg = Debug|Any CPU
		{D900FC63-7CC8-4393-9751-7F1797BCC24E}.TypeScript Debug|Any CPU.Build.0 = Debug|Any CPU
		{F30063B2-FE3F-4F52-B911-E296B94D9B1E}.Debug - Live|Any CPU.ActiveCfg = Debug|Any CPU
		{F30063B2-FE3F-4F52-B911-E296B94D9B1E}.Debug - Live|Any CPU.Build.0 = Debug|Any CPU
		{F30063B2-FE3F-4F52-B911-E296B94D9B1E}.Debug|Any CPU.ActiveCfg = Debug|Any CPU
		{F30063B2-FE3F-4F52-B911-E296B94D9B1E}.Debug|Any CPU.Build.0 = Debug|Any CPU
		{F30063B2-FE3F-4F52-B911-E296B94D9B1E}.Release|Any CPU.ActiveCfg = Release|Any CPU
		{F30063B2-FE3F-4F52-B911-E296B94D9B1E}.Release|Any CPU.Build.0 = Release|Any CPU
		{F30063B2-FE3F-4F52-B911-E296B94D9B1E}.TypeScript Debug|Any CPU.ActiveCfg = Debug|Any CPU
		{F30063B2-FE3F-4F52-B911-E296B94D9B1E}.TypeScript Debug|Any CPU.Build.0 = Debug|Any CPU
		{A56F14B7-6111-4340-8BA5-F14AC229C723}.Debug - Live|Any CPU.ActiveCfg = Debug|Any CPU
		{A56F14B7-6111-4340-8BA5-F14AC229C723}.Debug - Live|Any CPU.Build.0 = Debug|Any CPU
		{A56F14B7-6111-4340-8BA5-F14AC229C723}.Debug|Any CPU.ActiveCfg = Debug|Any CPU
		{A56F14B7-6111-4340-8BA5-F14AC229C723}.Debug|Any CPU.Build.0 = Debug|Any CPU
		{A56F14B7-6111-4340-8BA5-F14AC229C723}.Release|Any CPU.ActiveCfg = Release|Any CPU
		{A56F14B7-6111-4340-8BA5-F14AC229C723}.Release|Any CPU.Build.0 = Release|Any CPU
		{A56F14B7-6111-4340-8BA5-F14AC229C723}.TypeScript Debug|Any CPU.ActiveCfg = Debug|Any CPU
		{A56F14B7-6111-4340-8BA5-F14AC229C723}.TypeScript Debug|Any CPU.Build.0 = Debug|Any CPU
		{4DA304EA-1C83-4AAA-AD22-5C558684453E}.Debug - Live|Any CPU.ActiveCfg = Debug|Any CPU
		{4DA304EA-1C83-4AAA-AD22-5C558684453E}.Debug - Live|Any CPU.Build.0 = Debug|Any CPU
		{4DA304EA-1C83-4AAA-AD22-5C558684453E}.Debug|Any CPU.ActiveCfg = Debug|Any CPU
		{4DA304EA-1C83-4AAA-AD22-5C558684453E}.Debug|Any CPU.Build.0 = Debug|Any CPU
		{4DA304EA-1C83-4AAA-AD22-5C558684453E}.Release|Any CPU.ActiveCfg = Release|Any CPU
		{4DA304EA-1C83-4AAA-AD22-5C558684453E}.Release|Any CPU.Build.0 = Release|Any CPU
		{4DA304EA-1C83-4AAA-AD22-5C558684453E}.TypeScript Debug|Any CPU.ActiveCfg = Debug|Any CPU
		{4DA304EA-1C83-4AAA-AD22-5C558684453E}.TypeScript Debug|Any CPU.Build.0 = Debug|Any CPU
		{BC572AD6-D85B-4AA1-BA42-26309C02B8B2}.Debug - Live|Any CPU.ActiveCfg = Debug|Any CPU
		{BC572AD6-D85B-4AA1-BA42-26309C02B8B2}.Debug - Live|Any CPU.Build.0 = Debug|Any CPU
		{BC572AD6-D85B-4AA1-BA42-26309C02B8B2}.Debug|Any CPU.ActiveCfg = Debug|Any CPU
		{BC572AD6-D85B-4AA1-BA42-26309C02B8B2}.Debug|Any CPU.Build.0 = Debug|Any CPU
		{BC572AD6-D85B-4AA1-BA42-26309C02B8B2}.Release|Any CPU.ActiveCfg = Release|Any CPU
		{BC572AD6-D85B-4AA1-BA42-26309C02B8B2}.Release|Any CPU.Build.0 = Release|Any CPU
		{BC572AD6-D85B-4AA1-BA42-26309C02B8B2}.TypeScript Debug|Any CPU.ActiveCfg = Debug|Any CPU
		{BC572AD6-D85B-4AA1-BA42-26309C02B8B2}.TypeScript Debug|Any CPU.Build.0 = Debug|Any CPU
		{E41517A2-B925-4AC4-8652-E31CF3D52532}.Debug - Live|Any CPU.ActiveCfg = Debug|Any CPU
		{E41517A2-B925-4AC4-8652-E31CF3D52532}.Debug - Live|Any CPU.Build.0 = Debug|Any CPU
		{E41517A2-B925-4AC4-8652-E31CF3D52532}.Debug|Any CPU.ActiveCfg = Debug|Any CPU
		{E41517A2-B925-4AC4-8652-E31CF3D52532}.Debug|Any CPU.Build.0 = Debug|Any CPU
		{E41517A2-B925-4AC4-8652-E31CF3D52532}.Release|Any CPU.ActiveCfg = Release|Any CPU
		{E41517A2-B925-4AC4-8652-E31CF3D52532}.Release|Any CPU.Build.0 = Release|Any CPU
		{E41517A2-B925-4AC4-8652-E31CF3D52532}.TypeScript Debug|Any CPU.ActiveCfg = Debug|Any CPU
		{E41517A2-B925-4AC4-8652-E31CF3D52532}.TypeScript Debug|Any CPU.Build.0 = Debug|Any CPU
		{3358BC60-C11F-4137-A3E4-68668AFCA6D3}.Debug - Live|Any CPU.ActiveCfg = Debug|Any CPU
		{3358BC60-C11F-4137-A3E4-68668AFCA6D3}.Debug - Live|Any CPU.Build.0 = Debug|Any CPU
		{3358BC60-C11F-4137-A3E4-68668AFCA6D3}.Debug|Any CPU.ActiveCfg = Debug|Any CPU
		{3358BC60-C11F-4137-A3E4-68668AFCA6D3}.Debug|Any CPU.Build.0 = Debug|Any CPU
		{3358BC60-C11F-4137-A3E4-68668AFCA6D3}.Release|Any CPU.ActiveCfg = Release|Any CPU
		{3358BC60-C11F-4137-A3E4-68668AFCA6D3}.Release|Any CPU.Build.0 = Release|Any CPU
		{3358BC60-C11F-4137-A3E4-68668AFCA6D3}.TypeScript Debug|Any CPU.ActiveCfg = Debug|Any CPU
		{3358BC60-C11F-4137-A3E4-68668AFCA6D3}.TypeScript Debug|Any CPU.Build.0 = Debug|Any CPU
		{20BD7F1E-C088-4AAD-8540-764B42FEF16F}.Debug - Live|Any CPU.ActiveCfg = Debug|Any CPU
		{20BD7F1E-C088-4AAD-8540-764B42FEF16F}.Debug - Live|Any CPU.Build.0 = Debug|Any CPU
		{20BD7F1E-C088-4AAD-8540-764B42FEF16F}.Debug|Any CPU.ActiveCfg = Debug|Any CPU
		{20BD7F1E-C088-4AAD-8540-764B42FEF16F}.Debug|Any CPU.Build.0 = Debug|Any CPU
		{20BD7F1E-C088-4AAD-8540-764B42FEF16F}.Release|Any CPU.ActiveCfg = Release|Any CPU
		{20BD7F1E-C088-4AAD-8540-764B42FEF16F}.Release|Any CPU.Build.0 = Release|Any CPU
		{20BD7F1E-C088-4AAD-8540-764B42FEF16F}.TypeScript Debug|Any CPU.ActiveCfg = Debug|Any CPU
		{20BD7F1E-C088-4AAD-8540-764B42FEF16F}.TypeScript Debug|Any CPU.Build.0 = Debug|Any CPU
		{80BC95AA-9C19-4EC2-B4C2-0DC02A3A8489}.Debug - Live|Any CPU.ActiveCfg = Debug|Any CPU
		{80BC95AA-9C19-4EC2-B4C2-0DC02A3A8489}.Debug - Live|Any CPU.Build.0 = Debug|Any CPU
		{80BC95AA-9C19-4EC2-B4C2-0DC02A3A8489}.Debug|Any CPU.ActiveCfg = Debug|Any CPU
		{80BC95AA-9C19-4EC2-B4C2-0DC02A3A8489}.Debug|Any CPU.Build.0 = Debug|Any CPU
		{80BC95AA-9C19-4EC2-B4C2-0DC02A3A8489}.Release|Any CPU.ActiveCfg = Release|Any CPU
		{80BC95AA-9C19-4EC2-B4C2-0DC02A3A8489}.Release|Any CPU.Build.0 = Release|Any CPU
		{80BC95AA-9C19-4EC2-B4C2-0DC02A3A8489}.TypeScript Debug|Any CPU.ActiveCfg = Debug|Any CPU
		{80BC95AA-9C19-4EC2-B4C2-0DC02A3A8489}.TypeScript Debug|Any CPU.Build.0 = Debug|Any CPU
		{9905D0A5-0E4C-4116-BE18-3E510AC0DE87}.Debug - Live|Any CPU.ActiveCfg = Debug - Live|Any CPU
		{9905D0A5-0E4C-4116-BE18-3E510AC0DE87}.Debug - Live|Any CPU.Build.0 = Debug - Live|Any CPU
		{9905D0A5-0E4C-4116-BE18-3E510AC0DE87}.Debug|Any CPU.ActiveCfg = Debug|Any CPU
		{9905D0A5-0E4C-4116-BE18-3E510AC0DE87}.Debug|Any CPU.Build.0 = Debug|Any CPU
		{9905D0A5-0E4C-4116-BE18-3E510AC0DE87}.Release|Any CPU.ActiveCfg = Release|Any CPU
		{9905D0A5-0E4C-4116-BE18-3E510AC0DE87}.Release|Any CPU.Build.0 = Release|Any CPU
		{9905D0A5-0E4C-4116-BE18-3E510AC0DE87}.TypeScript Debug|Any CPU.ActiveCfg = Debug|Any CPU
		{9905D0A5-0E4C-4116-BE18-3E510AC0DE87}.TypeScript Debug|Any CPU.Build.0 = Debug|Any CPU
		{A1A54ACF-679A-4F60-9ED1-AD0EEFCE8F84}.Debug - Live|Any CPU.ActiveCfg = Debug|Any CPU
		{A1A54ACF-679A-4F60-9ED1-AD0EEFCE8F84}.Debug - Live|Any CPU.Build.0 = Debug|Any CPU
		{A1A54ACF-679A-4F60-9ED1-AD0EEFCE8F84}.Debug|Any CPU.ActiveCfg = Debug|Any CPU
		{A1A54ACF-679A-4F60-9ED1-AD0EEFCE8F84}.Debug|Any CPU.Build.0 = Debug|Any CPU
		{A1A54ACF-679A-4F60-9ED1-AD0EEFCE8F84}.Release|Any CPU.ActiveCfg = Release|Any CPU
		{A1A54ACF-679A-4F60-9ED1-AD0EEFCE8F84}.Release|Any CPU.Build.0 = Release|Any CPU
		{A1A54ACF-679A-4F60-9ED1-AD0EEFCE8F84}.TypeScript Debug|Any CPU.ActiveCfg = Debug|Any CPU
		{A1A54ACF-679A-4F60-9ED1-AD0EEFCE8F84}.TypeScript Debug|Any CPU.Build.0 = Debug|Any CPU
	EndGlobalSection
	GlobalSection(SolutionProperties) = preSolution
		HideSolutionNode = FALSE
	EndGlobalSection
	GlobalSection(NestedProjects) = preSolution
		{374E115B-9FFA-4334-83FA-598D9DF9C332} = {57DAE9B0-48CE-42D0-9911-A7E276C66700}
		{D1C18694-4013-43D1-B8BE-E344E878117C} = {57DAE9B0-48CE-42D0-9911-A7E276C66700}
		{7E2499EF-37E1-4C41-9867-1E7D2148FB5F} = {57DAE9B0-48CE-42D0-9911-A7E276C66700}
		{D64347B9-11A4-4CA9-BE7C-91486AB60D42} = {57DAE9B0-48CE-42D0-9911-A7E276C66700}
		{888D1A5F-298B-47B6-8D7A-97C006C2777B} = {57DAE9B0-48CE-42D0-9911-A7E276C66700}
		{66B90A05-3A92-4551-9783-25E34A26FCBC} = {57DAE9B0-48CE-42D0-9911-A7E276C66700}
		{88DAE930-80C8-4474-A631-896C750403D9} = {7B747451-DBBA-4A11-BA7C-7EEE49CAFA7E}
		{EB12ADB5-C075-41B0-B9D7-BAC106CEB7EB} = {3F3011DB-CF19-4FB7-8269-95D5D08878EB}
		{6A7B51DF-5CD4-4F46-B673-F9AC1C8BAB16} = {3F3011DB-CF19-4FB7-8269-95D5D08878EB}
		{05C5859A-E58C-41AE-B194-CB36BEB71A73} = {57DAE9B0-48CE-42D0-9911-A7E276C66700}
		{57B047A0-8076-4120-8D3F-3860E8DA6081} = {57DAE9B0-48CE-42D0-9911-A7E276C66700}
		{8E83E48E-7B4A-4B4C-99D3-CE696FF464BA} = {57DAE9B0-48CE-42D0-9911-A7E276C66700}
		{D900FC63-7CC8-4393-9751-7F1797BCC24E} = {7B747451-DBBA-4A11-BA7C-7EEE49CAFA7E}
		{F30063B2-FE3F-4F52-B911-E296B94D9B1E} = {1F66D0C4-9146-4ACB-9CBA-4E3390A5B02F}
		{A56F14B7-6111-4340-8BA5-F14AC229C723} = {7B747451-DBBA-4A11-BA7C-7EEE49CAFA7E}
		{4DA304EA-1C83-4AAA-AD22-5C558684453E} = {1F66D0C4-9146-4ACB-9CBA-4E3390A5B02F}
		{BC572AD6-D85B-4AA1-BA42-26309C02B8B2} = {58C1D345-A5D4-498E-B2E7-C8293685858C}
		{E41517A2-B925-4AC4-8652-E31CF3D52532} = {58C1D345-A5D4-498E-B2E7-C8293685858C}
		{3358BC60-C11F-4137-A3E4-68668AFCA6D3} = {1F66D0C4-9146-4ACB-9CBA-4E3390A5B02F}
		{88E8F332-46AB-4BFA-A91D-EDAA6C3E67E0} = {7B747451-DBBA-4A11-BA7C-7EEE49CAFA7E}
		{20BD7F1E-C088-4AAD-8540-764B42FEF16F} = {88E8F332-46AB-4BFA-A91D-EDAA6C3E67E0}
		{80BC95AA-9C19-4EC2-B4C2-0DC02A3A8489} = {88E8F332-46AB-4BFA-A91D-EDAA6C3E67E0}
		{9905D0A5-0E4C-4116-BE18-3E510AC0DE87} = {88E8F332-46AB-4BFA-A91D-EDAA6C3E67E0}
		{A1A54ACF-679A-4F60-9ED1-AD0EEFCE8F84} = {7B747451-DBBA-4A11-BA7C-7EEE49CAFA7E}
		{58C1D345-A5D4-498E-B2E7-C8293685858C} = {7B747451-DBBA-4A11-BA7C-7EEE49CAFA7E}
	EndGlobalSection
	GlobalSection(ExtensibilityGlobals) = postSolution
		SolutionGuid = {25F5A3C4-C3A4-4E48-A846-3490FB1C1F53}
	EndGlobalSection
EndGlobal
